// !$*UTF8*$!
{
	archiveVersion = 1;
	classes = {
	};
	objectVersion = 50;
	objects = {

/* Begin PBXBuildFile section */
		648C52842568FB7400C0E257 /* AppDelegate.swift in Sources */ = {isa = PBXBuildFile; fileRef = 648C52832568FB7400C0E257 /* AppDelegate.swift */; };
		648C52862568FB7400C0E257 /* SceneDelegate.swift in Sources */ = {isa = PBXBuildFile; fileRef = 648C52852568FB7400C0E257 /* SceneDelegate.swift */; };
		648C52882568FB7400C0E257 /* TableViewController.swift in Sources */ = {isa = PBXBuildFile; fileRef = 648C52872568FB7400C0E257 /* TableViewController.swift */; };
		648C528B2568FB7400C0E257 /* Main.storyboard in Resources */ = {isa = PBXBuildFile; fileRef = 648C52892568FB7400C0E257 /* Main.storyboard */; };
		648C528E2568FB7400C0E257 /* notes.xcdatamodeld in Sources */ = {isa = PBXBuildFile; fileRef = 648C528C2568FB7400C0E257 /* notes.xcdatamodeld */; };
		648C52902568FB7500C0E257 /* Assets.xcassets in Resources */ = {isa = PBXBuildFile; fileRef = 648C528F2568FB7500C0E257 /* Assets.xcassets */; };
		648C52932568FB7500C0E257 /* LaunchScreen.storyboard in Resources */ = {isa = PBXBuildFile; fileRef = 648C52912568FB7500C0E257 /* LaunchScreen.storyboard */; };
		648C52A225690E9C00C0E257 /* NoteViewController.swift in Sources */ = {isa = PBXBuildFile; fileRef = 648C52A125690E9C00C0E257 /* NoteViewController.swift */; };
/* End PBXBuildFile section */

/* Begin PBXFileReference section */
		648C52802568FB7400C0E257 /* notes.app */ = {isa = PBXFileReference; explicitFileType = wrapper.application; includeInIndex = 0; path = notes.app; sourceTree = BUILT_PRODUCTS_DIR; };
		648C52832568FB7400C0E257 /* AppDelegate.swift */ = {isa = PBXFileReference; lastKnownFileType = sourcecode.swift; path = AppDelegate.swift; sourceTree = "<group>"; };
		648C52852568FB7400C0E257 /* SceneDelegate.swift */ = {isa = PBXFileReference; lastKnownFileType = sourcecode.swift; path = SceneDelegate.swift; sourceTree = "<group>"; };
		648C52872568FB7400C0E257 /* TableViewController.swift */ = {isa = PBXFileReference; lastKnownFileType = sourcecode.swift; path = TableViewController.swift; sourceTree = "<group>"; };
		648C528A2568FB7400C0E257 /* Base */ = {isa = PBXFileReference; lastKnownFileType = file.storyboard; name = Base; path = Base.lproj/Main.storyboard; sourceTree = "<group>"; };
		648C528D2568FB7400C0E257 /* notes.xcdatamodel */ = {isa = PBXFileReference; lastKnownFileType = wrapper.xcdatamodel; path = notes.xcdatamodel; sourceTree = "<group>"; };
		648C528F2568FB7500C0E257 /* Assets.xcassets */ = {isa = PBXFileReference; lastKnownFileType = folder.assetcatalog; path = Assets.xcassets; sourceTree = "<group>"; };
		648C52922568FB7500C0E257 /* Base */ = {isa = PBXFileReference; lastKnownFileType = file.storyboard; name = Base; path = Base.lproj/LaunchScreen.storyboard; sourceTree = "<group>"; };
		648C52942568FB7500C0E257 /* Info.plist */ = {isa = PBXFileReference; lastKnownFileType = text.plist.xml; path = Info.plist; sourceTree = "<group>"; };
		648C52A125690E9C00C0E257 /* NoteViewController.swift */ = {isa = PBXFileReference; lastKnownFileType = sourcecode.swift; path = NoteViewController.swift; sourceTree = "<group>"; };
/* End PBXFileReference section */

/* Begin PBXFrameworksBuildPhase section */
		648C527D2568FB7400C0E257 /* Frameworks */ = {
			isa = PBXFrameworksBuildPhase;
			buildActionMask = 2147483647;
			files = (
			);
			runOnlyForDeploymentPostprocessing = 0;
		};
/* End PBXFrameworksBuildPhase section */

/* Begin PBXGroup section */
		648C52772568FB7400C0E257 = {
			isa = PBXGroup;
			children = (
				648C52822568FB7400C0E257 /* notes */,
				648C52812568FB7400C0E257 /* Products */,
			);
			sourceTree = "<group>";
		};
		648C52812568FB7400C0E257 /* Products */ = {
			isa = PBXGroup;
			children = (
				648C52802568FB7400C0E257 /* notes.app */,
			);
			name = Products;
			sourceTree = "<group>";
		};
		648C52822568FB7400C0E257 /* notes */ = {
			isa = PBXGroup;
			children = (
				648C529E2568FBD900C0E257 /* Models */,
				648C52832568FB7400C0E257 /* AppDelegate.swift */,
				648C52852568FB7400C0E257 /* SceneDelegate.swift */,
				648C529C2568FBCE00C0E257 /* Controllers */,
				648C529B2568FBC400C0E257 /* Views */,
				648C528F2568FB7500C0E257 /* Assets.xcassets */,
				648C52912568FB7500C0E257 /* LaunchScreen.storyboard */,
				648C52942568FB7500C0E257 /* Info.plist */,
				648C528C2568FB7400C0E257 /* notes.xcdatamodeld */,
			);
			path = notes;
			sourceTree = "<group>";
		};
		648C529B2568FBC400C0E257 /* Views */ = {
			isa = PBXGroup;
			children = (
				648C52892568FB7400C0E257 /* Main.storyboard */,
			);
			path = Views;
			sourceTree = "<group>";
		};
		648C529C2568FBCE00C0E257 /* Controllers */ = {
			isa = PBXGroup;
			children = (
				648C52872568FB7400C0E257 /* TableViewController.swift */,
				648C52A125690E9C00C0E257 /* NoteViewController.swift */,
			);
			path = Controllers;
			sourceTree = "<group>";
		};
		648C529E2568FBD900C0E257 /* Models */ = {
			isa = PBXGroup;
			children = (
			);
			path = Models;
			sourceTree = "<group>";
		};
/* End PBXGroup section */

/* Begin PBXNativeTarget section */
		648C527F2568FB7400C0E257 /* notes */ = {
			isa = PBXNativeTarget;
			buildConfigurationList = 648C52972568FB7500C0E257 /* Build configuration list for PBXNativeTarget "notes" */;
			buildPhases = (
				648C527C2568FB7400C0E257 /* Sources */,
				648C527D2568FB7400C0E257 /* Frameworks */,
				648C527E2568FB7400C0E257 /* Resources */,
			);
			buildRules = (
			);
			dependencies = (
			);
			name = notes;
			productName = notes;
			productReference = 648C52802568FB7400C0E257 /* notes.app */;
			productType = "com.apple.product-type.application";
		};
/* End PBXNativeTarget section */

/* Begin PBXProject section */
		648C52782568FB7400C0E257 /* Project object */ = {
			isa = PBXProject;
			attributes = {
				LastSwiftUpdateCheck = 1220;
				LastUpgradeCheck = 1220;
				TargetAttributes = {
					648C527F2568FB7400C0E257 = {
						CreatedOnToolsVersion = 12.2;
					};
				};
			};
			buildConfigurationList = 648C527B2568FB7400C0E257 /* Build configuration list for PBXProject "notes" */;
			compatibilityVersion = "Xcode 9.3";
			developmentRegion = en;
			hasScannedForEncodings = 0;
			knownRegions = (
				en,
				Base,
			);
			mainGroup = 648C52772568FB7400C0E257;
			productRefGroup = 648C52812568FB7400C0E257 /* Products */;
			projectDirPath = "";
			projectRoot = "";
			targets = (
				648C527F2568FB7400C0E257 /* notes */,
			);
		};
/* End PBXProject section */

/* Begin PBXResourcesBuildPhase section */
		648C527E2568FB7400C0E257 /* Resources */ = {
			isa = PBXResourcesBuildPhase;
			buildActionMask = 2147483647;
			files = (
				648C52932568FB7500C0E257 /* LaunchScreen.storyboard in Resources */,
				648C52902568FB7500C0E257 /* Assets.xcassets in Resources */,
				648C528B2568FB7400C0E257 /* Main.storyboard in Resources */,
			);
			runOnlyForDeploymentPostprocessing = 0;
		};
/* End PBXResourcesBuildPhase section */

/* Begin PBXSourcesBuildPhase section */
		648C527C2568FB7400C0E257 /* Sources */ = {
			isa = PBXSourcesBuildPhase;
			buildActionMask = 2147483647;
			files = (
				648C52882568FB7400C0E257 /* TableViewController.swift in Sources */,
				648C52842568FB7400C0E257 /* AppDelegate.swift in Sources */,
				648C52862568FB7400C0E257 /* SceneDelegate.swift in Sources */,
				648C52A225690E9C00C0E257 /* NoteViewController.swift in Sources */,
				648C528E2568FB7400C0E257 /* notes.xcdatamodeld in Sources */,
			);
			runOnlyForDeploymentPostprocessing = 0;
		};
/* End PBXSourcesBuildPhase section */

/* Begin PBXVariantGroup section */
		648C52892568FB7400C0E257 /* Main.storyboard */ = {
			isa = PBXVariantGroup;
			children = (
				648C528A2568FB7400C0E257 /* Base */,
			);
			name = Main.storyboard;
			sourceTree = "<group>";
		};
		648C52912568FB7500C0E257 /* LaunchScreen.storyboard */ = {
			isa = PBXVariantGroup;
			children = (
				648C52922568FB7500C0E257 /* Base */,
			);
			name = LaunchScreen.storyboard;
			sourceTree = "<group>";
		};
/* End PBXVariantGroup section */

/* Begin XCBuildConfiguration section */
		648C52952568FB7500C0E257 /* Debug */ = {
			isa = XCBuildConfiguration;
			buildSettings = {
				ALWAYS_SEARCH_USER_PATHS = NO;
				CLANG_ANALYZER_NONNULL = YES;
				CLANG_ANALYZER_NUMBER_OBJECT_CONVERSION = YES_AGGRESSIVE;
				CLANG_CXX_LANGUAGE_STANDARD = "gnu++14";
				CLANG_CXX_LIBRARY = "libc++";
				CLANG_ENABLE_MODULES = YES;
				CLANG_ENABLE_OBJC_ARC = YES;
				CLANG_ENABLE_OBJC_WEAK = YES;
				CLANG_WARN_BLOCK_CAPTURE_AUTORELEASING = YES;
				CLANG_WARN_BOOL_CONVERSION = YES;
				CLANG_WARN_COMMA = YES;
				CLANG_WARN_CONSTANT_CONVERSION = YES;
				CLANG_WARN_DEPRECATED_OBJC_IMPLEMENTATIONS = YES;
				CLANG_WARN_DIRECT_OBJC_ISA_USAGE = YES_ERROR;
				CLANG_WARN_DOCUMENTATION_COMMENTS = YES;
				CLANG_WARN_EMPTY_BODY = YES;
				CLANG_WARN_ENUM_CONVERSION = YES;
				CLANG_WARN_INFINITE_RECURSION = YES;
				CLANG_WARN_INT_CONVERSION = YES;
				CLANG_WARN_NON_LITERAL_NULL_CONVERSION = YES;
				CLANG_WARN_OBJC_IMPLICIT_RETAIN_SELF = YES;
				CLANG_WARN_OBJC_LITERAL_CONVERSION = YES;
				CLANG_WARN_OBJC_ROOT_CLASS = YES_ERROR;
				CLANG_WARN_QUOTED_INCLUDE_IN_FRAMEWORK_HEADER = YES;
				CLANG_WARN_RANGE_LOOP_ANALYSIS = YES;
				CLANG_WARN_STRICT_PROTOTYPES = YES;
				CLANG_WARN_SUSPICIOUS_MOVE = YES;
				CLANG_WARN_UNGUARDED_AVAILABILITY = YES_AGGRESSIVE;
				CLANG_WARN_UNREACHABLE_CODE = YES;
				CLANG_WARN__DUPLICATE_METHOD_MATCH = YES;
				COPY_PHASE_STRIP = NO;
				DEBUG_INFORMATION_FORMAT = dwarf;
				ENABLE_STRICT_OBJC_MSGSEND = YES;
				ENABLE_TESTABILITY = YES;
				GCC_C_LANGUAGE_STANDARD = gnu11;
				GCC_DYNAMIC_NO_PIC = NO;
				GCC_NO_COMMON_BLOCKS = YES;
				GCC_OPTIMIZATION_LEVEL = 0;
				GCC_PREPROCESSOR_DEFINITIONS = (
					"DEBUG=1",
					"$(inherited)",
				);
				GCC_WARN_64_TO_32_BIT_CONVERSION = YES;
				GCC_WARN_ABOUT_RETURN_TYPE = YES_ERROR;
				GCC_WARN_UNDECLARED_SELECTOR = YES;
				GCC_WARN_UNINITIALIZED_AUTOS = YES_AGGRESSIVE;
				GCC_WARN_UNUSED_FUNCTION = YES;
				GCC_WARN_UNUSED_VARIABLE = YES;
				IPHONEOS_DEPLOYMENT_TARGET = 14.2;
				MTL_ENABLE_DEBUG_INFO = INCLUDE_SOURCE;
				MTL_FAST_MATH = YES;
				ONLY_ACTIVE_ARCH = YES;
				SDKROOT = iphoneos;
				SWIFT_ACTIVE_COMPILATION_CONDITIONS = DEBUG;
				SWIFT_OPTIMIZATION_LEVEL = "-Onone";
			};
			name = Debug;
		};
		648C52962568FB7500C0E257 /* Release */ = {
			isa = XCBuildConfiguration;
			buildSettings = {
				ALWAYS_SEARCH_USER_PATHS = NO;
				CLANG_ANALYZER_NONNULL = YES;
				CLANG_ANALYZER_NUMBER_OBJECT_CONVERSION = YES_AGGRESSIVE;
				CLANG_CXX_LANGUAGE_STANDARD = "gnu++14";
				CLANG_CXX_LIBRARY = "libc++";
				CLANG_ENABLE_MODULES = YES;
				CLANG_ENABLE_OBJC_ARC = YES;
				CLANG_ENABLE_OBJC_WEAK = YES;
				CLANG_WARN_BLOCK_CAPTURE_AUTORELEASING = YES;
				CLANG_WARN_BOOL_CONVERSION = YES;
				CLANG_WARN_COMMA = YES;
				CLANG_WARN_CONSTANT_CONVERSION = YES;
				CLANG_WARN_DEPRECATED_OBJC_IMPLEMENTATIONS = YES;
				CLANG_WARN_DIRECT_OBJC_ISA_USAGE = YES_ERROR;
				CLANG_WARN_DOCUMENTATION_COMMENTS = YES;
				CLANG_WARN_EMPTY_BODY = YES;
				CLANG_WARN_ENUM_CONVERSION = YES;
				CLANG_WARN_INFINITE_RECURSION = YES;
				CLANG_WARN_INT_CONVERSION = YES;
				CLANG_WARN_NON_LITERAL_NULL_CONVERSION = YES;
				CLANG_WARN_OBJC_IMPLICIT_RETAIN_SELF = YES;
				CLANG_WARN_OBJC_LITERAL_CONVERSION = YES;
				CLANG_WARN_OBJC_ROOT_CLASS = YES_ERROR;
				CLANG_WARN_QUOTED_INCLUDE_IN_FRAMEWORK_HEADER = YES;
				CLANG_WARN_RANGE_LOOP_ANALYSIS = YES;
				CLANG_WARN_STRICT_PROTOTYPES = YES;
				CLANG_WARN_SUSPICIOUS_MOVE = YES;
				CLANG_WARN_UNGUARDED_AVAILABILITY = YES_AGGRESSIVE;
				CLANG_WARN_UNREACHABLE_CODE = YES;
				CLANG_WARN__DUPLICATE_METHOD_MATCH = YES;
				COPY_PHASE_STRIP = NO;
				DEBUG_INFORMATION_FORMAT = "dwarf-with-dsym";
				ENABLE_NS_ASSERTIONS = NO;
				ENABLE_STRICT_OBJC_MSGSEND = YES;
				GCC_C_LANGUAGE_STANDARD = gnu11;
				GCC_NO_COMMON_BLOCKS = YES;
				GCC_WARN_64_TO_32_BIT_CONVERSION = YES;
				GCC_WARN_ABOUT_RETURN_TYPE = YES_ERROR;
				GCC_WARN_UNDECLARED_SELECTOR = YES;
				GCC_WARN_UNINITIALIZED_AUTOS = YES_AGGRESSIVE;
				GCC_WARN_UNUSED_FUNCTION = YES;
				GCC_WARN_UNUSED_VARIABLE = YES;
				IPHONEOS_DEPLOYMENT_TARGET = 14.2;
				MTL_ENABLE_DEBUG_INFO = NO;
				MTL_FAST_MATH = YES;
				SDKROOT = iphoneos;
				SWIFT_COMPILATION_MODE = wholemodule;
				SWIFT_OPTIMIZATION_LEVEL = "-O";
				VALIDATE_PRODUCT = YES;
			};
			name = Release;
		};
		648C52982568FB7500C0E257 /* Debug */ = {
			isa = XCBuildConfiguration;
			buildSettings = {
				ASSETCATALOG_COMPILER_APPICON_NAME = AppIcon;
				ASSETCATALOG_COMPILER_GLOBAL_ACCENT_COLOR_NAME = AccentColor;
				CODE_SIGN_STYLE = Automatic;
				INFOPLIST_FILE = notes/Info.plist;
				LD_RUNPATH_SEARCH_PATHS = (
					"$(inherited)",
					"@executable_path/Frameworks",
				);
				PRODUCT_BUNDLE_IDENTIFIER = aa.notes;
				PRODUCT_NAME = "$(TARGET_NAME)";
				SWIFT_VERSION = 5.0;
				TARGETED_DEVICE_FAMILY = "1,2";
			};
			name = Debug;
		};
		648C52992568FB7500C0E257 /* Release */ = {
			isa = XCBuildConfiguration;
			buildSettings = {
				ASSETCATALOG_COMPILER_APPICON_NAME = AppIcon;
				ASSETCATALOG_COMPILER_GLOBAL_ACCENT_COLOR_NAME = AccentColor;
				CODE_SIGN_STYLE = Automatic;
				INFOPLIST_FILE = notes/Info.plist;
				LD_RUNPATH_SEARCH_PATHS = (
					"$(inherited)",
					"@executable_path/Frameworks",
				);
				PRODUCT_BUNDLE_IDENTIFIER = aa.notes;
				PRODUCT_NAME = "$(TARGET_NAME)";
				SWIFT_VERSION = 5.0;
				TARGETED_DEVICE_FAMILY = "1,2";
			};
			name = Release;
		};
/* End XCBuildConfiguration section */

/* Begin XCConfigurationList section */
		648C527B2568FB7400C0E257 /* Build configuration list for PBXProject "notes" */ = {
			isa = XCConfigurationList;
			buildConfigurations = (
				648C52952568FB7500C0E257 /* Debug */,
				648C52962568FB7500C0E257 /* Release */,
			);
			defaultConfigurationIsVisible = 0;
			defaultConfigurationName = Release;
		};
		648C52972568FB7500C0E257 /* Build configuration list for PBXNativeTarget "notes" */ = {
			isa = XCConfigurationList;
			buildConfigurations = (
				648C52982568FB7500C0E257 /* Debug */,
				648C52992568FB7500C0E257 /* Release */,
			);
			defaultConfigurationIsVisible = 0;
			defaultConfigurationName = Release;
		};
/* End XCConfigurationList section */

/* Begin XCVersionGroup section */
		648C528C2568FB7400C0E257 /* notes.xcdatamodeld */ = {
			isa = XCVersionGroup;
			children = (
				648C528D2568FB7400C0E257 /* notes.xcdatamodel */,
			);
			currentVersion = 648C528D2568FB7400C0E257 /* notes.xcdatamodel */;
			path = notes.xcdatamodeld;
			sourceTree = "<group>";
			versionGroupType = wrapper.xcdatamodel;
		};
/* End XCVersionGroup section */
	};
	rootObject = 648C52782568FB7400C0E257 /* Project object */;
}
